
Microsoft Visual Studio Solution File, Format Version 12.00
# Visual Studio Version 17
VisualStudioVersion = 17.14.36623.8
MinimumVisualStudioVersion = 10.0.40219.1
Project("{FAE04EC0-301F-11D3-BF4B-00C04F79EFBC}") = "V-Launcher", "V-Launcher\V-Launcher.csproj", "{B621C7DD-6C2B-41BF-89BF-1B9184FF059B}"
EndProject
Project("{FAE04EC0-301F-11D3-BF4B-00C04F79EFBC}") = "V-LauncherTests", "V-LauncherTests\V-LauncherTests.csproj", "{8DA447F8-043F-4728-9890-C80C6EA039AC}"
EndProject
Project("{2150E333-8FDC-42A3-9474-1A3956D46DE8}") = "Solution Items", "Solution Items", "{8EC462FD-D22E-90A8-E5CE-7E832BA40C5D}"
	ProjectSection(SolutionItems) = preProject
		README.md = README.md
	EndProjectSection
EndProject
Global
	GlobalSection(SolutionConfigurationPlatforms) = preSolution
		Debug|Any CPU = Debug|Any CPU
		Release|Any CPU = Release|Any CPU
	EndGlobalSection
	GlobalSection(ProjectConfigurationPlatforms) = postSolution
		{B621C7DD-6C2B-41BF-89BF-1B9184FF059B}.Debug|Any CPU.ActiveCfg = Debug|Any CPU
		{B621C7DD-6C2B-41BF-89BF-1B9184FF059B}.Debug|Any CPU.Build.0 = Debug|Any CPU
		{B621C7DD-6C2B-41BF-89BF-1B9184FF059B}.Release|Any CPU.ActiveCfg = Release|Any CPU
		{B621C7DD-6C2B-41BF-89BF-1B9184FF059B}.Release|Any CPU.Build.0 = Release|Any CPU
		{8DA447F8-043F-4728-9890-C80C6EA039AC}.Debug|Any CPU.ActiveCfg = Debug|Any CPU
		{8DA447F8-043F-4728-9890-C80C6EA039AC}.Debug|Any CPU.Build.0 = Debug|Any CPU
		{8DA447F8-043F-4728-9890-C80C6EA039AC}.Release|Any CPU.ActiveCfg = Release|Any CPU
		{8DA447F8-043F-4728-9890-C80C6EA039AC}.Release|Any CPU.Build.0 = Release|Any CPU
	EndGlobalSection
	GlobalSection(SolutionProperties) = preSolution
		HideSolutionNode = FALSE
	EndGlobalSection
	GlobalSection(ExtensibilityGlobals) = postSolution
		SolutionGuid = {542E166B-C8C8-421D-BAB5-5BB8E9BA15B8}
	EndGlobalSection
EndGlobal
